// !$*UTF8*$!
{
	archiveVersion = 1;
	classes = {
	};
	objectVersion = 56;
	objects = {

/* Begin PBXBuildFile section */
		3A335EA6296751B400F6449C /* NewReleasesResponse.swift in Sources */ = {isa = PBXBuildFile; fileRef = 3A335EA5296751B400F6449C /* NewReleasesResponse.swift */; };
		3A335EA82967543100F6449C /* APIImage.swift in Sources */ = {isa = PBXBuildFile; fileRef = 3A335EA72967543100F6449C /* APIImage.swift */; };
		3A335EAA296757BF00F6449C /* FeaturedPlaylistsResponse.swift in Sources */ = {isa = PBXBuildFile; fileRef = 3A335EA9296757BF00F6449C /* FeaturedPlaylistsResponse.swift */; };
		3A335EAC296767EC00F6449C /* RecommendedGenreResponse.swift in Sources */ = {isa = PBXBuildFile; fileRef = 3A335EAB296767EC00F6449C /* RecommendedGenreResponse.swift */; };
		3A335EAE29676BA000F6449C /* RecommendationsResponse.swift in Sources */ = {isa = PBXBuildFile; fileRef = 3A335EAD29676BA000F6449C /* RecommendationsResponse.swift */; };
		3A40E7782955A4C000C874B9 /* AppDelegate.swift in Sources */ = {isa = PBXBuildFile; fileRef = 3A40E7772955A4C000C874B9 /* AppDelegate.swift */; };
		3A40E7812955A4C100C874B9 /* Assets.xcassets in Resources */ = {isa = PBXBuildFile; fileRef = 3A40E7802955A4C100C874B9 /* Assets.xcassets */; };
		3A40E7842955A4C100C874B9 /* LaunchScreen.storyboard in Resources */ = {isa = PBXBuildFile; fileRef = 3A40E7822955A4C100C874B9 /* LaunchScreen.storyboard */; };
		3A40E7922955A72B00C874B9 /* HomeViewController.swift in Sources */ = {isa = PBXBuildFile; fileRef = 3A40E7912955A72B00C874B9 /* HomeViewController.swift */; };
		3A40E7942955A73400C874B9 /* SearchViewController.swift in Sources */ = {isa = PBXBuildFile; fileRef = 3A40E7932955A73400C874B9 /* SearchViewController.swift */; };
		3A40E7962955A74200C874B9 /* LibraryViewController.swift in Sources */ = {isa = PBXBuildFile; fileRef = 3A40E7952955A74200C874B9 /* LibraryViewController.swift */; };
		3A40E7982955A75B00C874B9 /* AuthViewController.swift in Sources */ = {isa = PBXBuildFile; fileRef = 3A40E7972955A75B00C874B9 /* AuthViewController.swift */; };
		3A40E79A2955A76400C874B9 /* SettingsViewController.swift in Sources */ = {isa = PBXBuildFile; fileRef = 3A40E7992955A76400C874B9 /* SettingsViewController.swift */; };
		3A40E79C2955A77500C874B9 /* ProfileViewController.swift in Sources */ = {isa = PBXBuildFile; fileRef = 3A40E79B2955A77500C874B9 /* ProfileViewController.swift */; };
		3A40E79E2955A78300C874B9 /* WelcomeViewController.swift in Sources */ = {isa = PBXBuildFile; fileRef = 3A40E79D2955A78300C874B9 /* WelcomeViewController.swift */; };
		3A40E7A02955A79600C874B9 /* SearchResultsViewController.swift in Sources */ = {isa = PBXBuildFile; fileRef = 3A40E79F2955A79600C874B9 /* SearchResultsViewController.swift */; };
		3A40E7A62955A88D00C874B9 /* AuthManager.swift in Sources */ = {isa = PBXBuildFile; fileRef = 3A40E7A52955A88D00C874B9 /* AuthManager.swift */; };
		3A40E7A82955A89C00C874B9 /* APIManager.swift in Sources */ = {isa = PBXBuildFile; fileRef = 3A40E7A72955A89C00C874B9 /* APIManager.swift */; };
		3A40E7AA2955AB5300C874B9 /* Audio.swift in Sources */ = {isa = PBXBuildFile; fileRef = 3A40E7A92955AB5300C874B9 /* Audio.swift */; };
		3A40E7AC2955AB5A00C874B9 /* Artist.swift in Sources */ = {isa = PBXBuildFile; fileRef = 3A40E7AB2955AB5A00C874B9 /* Artist.swift */; };
		3A40E7AE2955AB6300C874B9 /* UserProfile.swift in Sources */ = {isa = PBXBuildFile; fileRef = 3A40E7AD2955AB6300C874B9 /* UserProfile.swift */; };
		3A40E7B12955ABF900C874B9 /* CommonStorage.swift in Sources */ = {isa = PBXBuildFile; fileRef = 3A40E7B02955ABF900C874B9 /* CommonStorage.swift */; };
		3A40E7B32955B15D00C874B9 /* TabBarViewController.swift in Sources */ = {isa = PBXBuildFile; fileRef = 3A40E7B22955B15D00C874B9 /* TabBarViewController.swift */; };
		3A5C78992969F8AB0009D0F7 /* FeaturedPlaylistsCollectionViewCell.swift in Sources */ = {isa = PBXBuildFile; fileRef = 3A5C78982969F8AB0009D0F7 /* FeaturedPlaylistsCollectionViewCell.swift */; };
		3A5C789B2969F8DB0009D0F7 /* NewReleasesCollectionViewCell.swift in Sources */ = {isa = PBXBuildFile; fileRef = 3A5C789A2969F8DA0009D0F7 /* NewReleasesCollectionViewCell.swift */; };
		3A5C789D2969F8FF0009D0F7 /* RecommendedTracksCollectionViewCell.swift in Sources */ = {isa = PBXBuildFile; fileRef = 3A5C789C2969F8FF0009D0F7 /* RecommendedTracksCollectionViewCell.swift */; };
		3A5C78A02969FE140009D0F7 /* NewReleasesCellViewModel.swift in Sources */ = {isa = PBXBuildFile; fileRef = 3A5C789F2969FE140009D0F7 /* NewReleasesCellViewModel.swift */; };
		3A5C78A22969FE320009D0F7 /* RecommendedTracksCellViewModel.swift in Sources */ = {isa = PBXBuildFile; fileRef = 3A5C78A12969FE320009D0F7 /* RecommendedTracksCellViewModel.swift */; };
		3A5C78A42969FE4A0009D0F7 /* FeaturedPlaylistsCellViewModel.swift in Sources */ = {isa = PBXBuildFile; fileRef = 3A5C78A32969FE4A0009D0F7 /* FeaturedPlaylistsCellViewModel.swift */; };
		3A8E2771296096530035F71B /* AuthResponse.swift in Sources */ = {isa = PBXBuildFile; fileRef = 3A8E2770296096530035F71B /* AuthResponse.swift */; };
		3AB63536296B480F00A67A28 /* AlbumViewController.swift in Sources */ = {isa = PBXBuildFile; fileRef = 3AB63535296B480F00A67A28 /* AlbumViewController.swift */; };
		3AB63538296B490000A67A28 /* PlaylistViewController.swift in Sources */ = {isa = PBXBuildFile; fileRef = 3AB63537296B490000A67A28 /* PlaylistViewController.swift */; };
		3AB6353A296B4E0F00A67A28 /* AlbumDetailsResponse.swift in Sources */ = {isa = PBXBuildFile; fileRef = 3AB63539296B4E0F00A67A28 /* AlbumDetailsResponse.swift */; };
		3AB6353C296B50A500A67A28 /* PlaylistDetailsResponse.swift in Sources */ = {isa = PBXBuildFile; fileRef = 3AB6353B296B50A500A67A28 /* PlaylistDetailsResponse.swift */; };
		3AB6353E296B530300A67A28 /* TrackViewController.swift in Sources */ = {isa = PBXBuildFile; fileRef = 3AB6353D296B530300A67A28 /* TrackViewController.swift */; };
		3AD4762F295CA6C200B9A164 /* Extensions.swift in Sources */ = {isa = PBXBuildFile; fileRef = 3AD4762E295CA6C200B9A164 /* Extensions.swift */; };
		3ADBC30F2961E921000C3FFE /* SettingsModel.swift in Sources */ = {isa = PBXBuildFile; fileRef = 3ADBC30E2961E921000C3FFE /* SettingsModel.swift */; };
		4D91DCC799FEA9D4957DA759 /* Pods_Spotify_Clone.framework in Frameworks */ = {isa = PBXBuildFile; fileRef = 1458A61E8255E1BE1A8C85C8 /* Pods_Spotify_Clone.framework */; };
/* End PBXBuildFile section */

/* Begin PBXFileReference section */
		1458A61E8255E1BE1A8C85C8 /* Pods_Spotify_Clone.framework */ = {isa = PBXFileReference; explicitFileType = wrapper.framework; includeInIndex = 0; path = Pods_Spotify_Clone.framework; sourceTree = BUILT_PRODUCTS_DIR; };
		3A335EA5296751B400F6449C /* NewReleasesResponse.swift */ = {isa = PBXFileReference; lastKnownFileType = sourcecode.swift; path = NewReleasesResponse.swift; sourceTree = "<group>"; };
		3A335EA72967543100F6449C /* APIImage.swift */ = {isa = PBXFileReference; lastKnownFileType = sourcecode.swift; path = APIImage.swift; sourceTree = "<group>"; };
		3A335EA9296757BF00F6449C /* FeaturedPlaylistsResponse.swift */ = {isa = PBXFileReference; lastKnownFileType = sourcecode.swift; path = FeaturedPlaylistsResponse.swift; sourceTree = "<group>"; };
		3A335EAB296767EC00F6449C /* RecommendedGenreResponse.swift */ = {isa = PBXFileReference; lastKnownFileType = sourcecode.swift; path = RecommendedGenreResponse.swift; sourceTree = "<group>"; };
		3A335EAD29676BA000F6449C /* RecommendationsResponse.swift */ = {isa = PBXFileReference; lastKnownFileType = sourcecode.swift; path = RecommendationsResponse.swift; sourceTree = "<group>"; };
		3A40E7742955A4C000C874B9 /* Spotify-Clone.app */ = {isa = PBXFileReference; explicitFileType = wrapper.application; includeInIndex = 0; path = "Spotify-Clone.app"; sourceTree = BUILT_PRODUCTS_DIR; };
		3A40E7772955A4C000C874B9 /* AppDelegate.swift */ = {isa = PBXFileReference; lastKnownFileType = sourcecode.swift; path = AppDelegate.swift; sourceTree = "<group>"; };
		3A40E7802955A4C100C874B9 /* Assets.xcassets */ = {isa = PBXFileReference; lastKnownFileType = folder.assetcatalog; path = Assets.xcassets; sourceTree = "<group>"; };
		3A40E7832955A4C100C874B9 /* Base */ = {isa = PBXFileReference; lastKnownFileType = file.storyboard; name = Base; path = Base.lproj/LaunchScreen.storyboard; sourceTree = "<group>"; };
		3A40E7852955A4C100C874B9 /* Info.plist */ = {isa = PBXFileReference; lastKnownFileType = text.plist.xml; path = Info.plist; sourceTree = "<group>"; };
		3A40E7912955A72B00C874B9 /* HomeViewController.swift */ = {isa = PBXFileReference; lastKnownFileType = sourcecode.swift; path = HomeViewController.swift; sourceTree = "<group>"; };
		3A40E7932955A73400C874B9 /* SearchViewController.swift */ = {isa = PBXFileReference; lastKnownFileType = sourcecode.swift; path = SearchViewController.swift; sourceTree = "<group>"; };
		3A40E7952955A74200C874B9 /* LibraryViewController.swift */ = {isa = PBXFileReference; lastKnownFileType = sourcecode.swift; path = LibraryViewController.swift; sourceTree = "<group>"; };
		3A40E7972955A75B00C874B9 /* AuthViewController.swift */ = {isa = PBXFileReference; lastKnownFileType = sourcecode.swift; path = AuthViewController.swift; sourceTree = "<group>"; };
		3A40E7992955A76400C874B9 /* SettingsViewController.swift */ = {isa = PBXFileReference; lastKnownFileType = sourcecode.swift; path = SettingsViewController.swift; sourceTree = "<group>"; };
		3A40E79B2955A77500C874B9 /* ProfileViewController.swift */ = {isa = PBXFileReference; lastKnownFileType = sourcecode.swift; path = ProfileViewController.swift; sourceTree = "<group>"; };
		3A40E79D2955A78300C874B9 /* WelcomeViewController.swift */ = {isa = PBXFileReference; lastKnownFileType = sourcecode.swift; path = WelcomeViewController.swift; sourceTree = "<group>"; };
		3A40E79F2955A79600C874B9 /* SearchResultsViewController.swift */ = {isa = PBXFileReference; lastKnownFileType = sourcecode.swift; path = SearchResultsViewController.swift; sourceTree = "<group>"; };
		3A40E7A52955A88D00C874B9 /* AuthManager.swift */ = {isa = PBXFileReference; lastKnownFileType = sourcecode.swift; path = AuthManager.swift; sourceTree = "<group>"; };
		3A40E7A72955A89C00C874B9 /* APIManager.swift */ = {isa = PBXFileReference; lastKnownFileType = sourcecode.swift; path = APIManager.swift; sourceTree = "<group>"; };
		3A40E7A92955AB5300C874B9 /* Audio.swift */ = {isa = PBXFileReference; lastKnownFileType = sourcecode.swift; path = Audio.swift; sourceTree = "<group>"; };
		3A40E7AB2955AB5A00C874B9 /* Artist.swift */ = {isa = PBXFileReference; lastKnownFileType = sourcecode.swift; path = Artist.swift; sourceTree = "<group>"; };
		3A40E7AD2955AB6300C874B9 /* UserProfile.swift */ = {isa = PBXFileReference; lastKnownFileType = sourcecode.swift; path = UserProfile.swift; sourceTree = "<group>"; };
		3A40E7B02955ABF900C874B9 /* CommonStorage.swift */ = {isa = PBXFileReference; lastKnownFileType = sourcecode.swift; path = CommonStorage.swift; sourceTree = "<group>"; };
		3A40E7B22955B15D00C874B9 /* TabBarViewController.swift */ = {isa = PBXFileReference; lastKnownFileType = sourcecode.swift; path = TabBarViewController.swift; sourceTree = "<group>"; };
		3A5C78982969F8AB0009D0F7 /* FeaturedPlaylistsCollectionViewCell.swift */ = {isa = PBXFileReference; lastKnownFileType = sourcecode.swift; path = FeaturedPlaylistsCollectionViewCell.swift; sourceTree = "<group>"; };
		3A5C789A2969F8DA0009D0F7 /* NewReleasesCollectionViewCell.swift */ = {isa = PBXFileReference; lastKnownFileType = sourcecode.swift; path = NewReleasesCollectionViewCell.swift; sourceTree = "<group>"; };
		3A5C789C2969F8FF0009D0F7 /* RecommendedTracksCollectionViewCell.swift */ = {isa = PBXFileReference; lastKnownFileType = sourcecode.swift; path = RecommendedTracksCollectionViewCell.swift; sourceTree = "<group>"; };
		3A5C789F2969FE140009D0F7 /* NewReleasesCellViewModel.swift */ = {isa = PBXFileReference; lastKnownFileType = sourcecode.swift; path = NewReleasesCellViewModel.swift; sourceTree = "<group>"; };
		3A5C78A12969FE320009D0F7 /* RecommendedTracksCellViewModel.swift */ = {isa = PBXFileReference; lastKnownFileType = sourcecode.swift; path = RecommendedTracksCellViewModel.swift; sourceTree = "<group>"; };
		3A5C78A32969FE4A0009D0F7 /* FeaturedPlaylistsCellViewModel.swift */ = {isa = PBXFileReference; lastKnownFileType = sourcecode.swift; path = FeaturedPlaylistsCellViewModel.swift; sourceTree = "<group>"; };
		3A8E2770296096530035F71B /* AuthResponse.swift */ = {isa = PBXFileReference; lastKnownFileType = sourcecode.swift; path = AuthResponse.swift; sourceTree = "<group>"; };
		3AB63535296B480F00A67A28 /* AlbumViewController.swift */ = {isa = PBXFileReference; lastKnownFileType = sourcecode.swift; path = AlbumViewController.swift; sourceTree = "<group>"; };
		3AB63537296B490000A67A28 /* PlaylistViewController.swift */ = {isa = PBXFileReference; lastKnownFileType = sourcecode.swift; path = PlaylistViewController.swift; sourceTree = "<group>"; };
		3AB63539296B4E0F00A67A28 /* AlbumDetailsResponse.swift */ = {isa = PBXFileReference; lastKnownFileType = sourcecode.swift; path = AlbumDetailsResponse.swift; sourceTree = "<group>"; };
		3AB6353B296B50A500A67A28 /* PlaylistDetailsResponse.swift */ = {isa = PBXFileReference; lastKnownFileType = sourcecode.swift; path = PlaylistDetailsResponse.swift; sourceTree = "<group>"; };
		3AB6353D296B530300A67A28 /* TrackViewController.swift */ = {isa = PBXFileReference; lastKnownFileType = sourcecode.swift; path = TrackViewController.swift; sourceTree = "<group>"; };
		3AD4762E295CA6C200B9A164 /* Extensions.swift */ = {isa = PBXFileReference; lastKnownFileType = sourcecode.swift; path = Extensions.swift; sourceTree = "<group>"; };
		3ADBC30E2961E921000C3FFE /* SettingsModel.swift */ = {isa = PBXFileReference; lastKnownFileType = sourcecode.swift; path = SettingsModel.swift; sourceTree = "<group>"; };
		443AF97C4DEC36B52434E306 /* Pods-Spotify-Clone.release.xcconfig */ = {isa = PBXFileReference; includeInIndex = 1; lastKnownFileType = text.xcconfig; name = "Pods-Spotify-Clone.release.xcconfig"; path = "Target Support Files/Pods-Spotify-Clone/Pods-Spotify-Clone.release.xcconfig"; sourceTree = "<group>"; };
		4DE8FDBF3B3CD66F21A00C31 /* Pods-Spotify-Clone.debug.xcconfig */ = {isa = PBXFileReference; includeInIndex = 1; lastKnownFileType = text.xcconfig; name = "Pods-Spotify-Clone.debug.xcconfig"; path = "Target Support Files/Pods-Spotify-Clone/Pods-Spotify-Clone.debug.xcconfig"; sourceTree = "<group>"; };
/* End PBXFileReference section */

/* Begin PBXFrameworksBuildPhase section */
		3A40E7712955A4C000C874B9 /* Frameworks */ = {
			isa = PBXFrameworksBuildPhase;
			buildActionMask = 2147483647;
			files = (
				4D91DCC799FEA9D4957DA759 /* Pods_Spotify_Clone.framework in Frameworks */,
			);
			runOnlyForDeploymentPostprocessing = 0;
		};
/* End PBXFrameworksBuildPhase section */

/* Begin PBXGroup section */
		3A40E76B2955A4C000C874B9 = {
			isa = PBXGroup;
			children = (
				3A40E7762955A4C000C874B9 /* Spotify-Clone */,
				3A40E7752955A4C000C874B9 /* Products */,
				5C6FFBD42C86723F2AFFC325 /* Pods */,
				DFAEB763FEFFAE8FD65CA7F7 /* Frameworks */,
			);
			sourceTree = "<group>";
		};
		3A40E7752955A4C000C874B9 /* Products */ = {
			isa = PBXGroup;
			children = (
				3A40E7742955A4C000C874B9 /* Spotify-Clone.app */,
			);
			name = Products;
			sourceTree = "<group>";
		};
		3A40E7762955A4C000C874B9 /* Spotify-Clone */ = {
			isa = PBXGroup;
			children = (
				3A40E7902955A65700C874B9 /* Resources */,
				3A40E78F2955A65100C874B9 /* Controllers */,
				3A40E78E2955A64800C874B9 /* Managers */,
				3A40E78D2955A64100C874B9 /* ViewModels */,
				3A40E78C2955A63C00C874B9 /* Models */,
				3A40E78B2955A63500C874B9 /* Views */,
			);
			path = "Spotify-Clone";
			sourceTree = "<group>";
		};
		3A40E78B2955A63500C874B9 /* Views */ = {
			isa = PBXGroup;
			children = (
				3A5C78972969F8920009D0F7 /* Browse */,
				3A40E7822955A4C100C874B9 /* LaunchScreen.storyboard */,
			);
			path = Views;
			sourceTree = "<group>";
		};
		3A40E78C2955A63C00C874B9 /* Models */ = {
			isa = PBXGroup;
			children = (
				3A40E7A92955AB5300C874B9 /* Audio.swift */,
				3A40E7AB2955AB5A00C874B9 /* Artist.swift */,
				3A40E7AD2955AB6300C874B9 /* UserProfile.swift */,
				3A8E2770296096530035F71B /* AuthResponse.swift */,
				3ADBC30E2961E921000C3FFE /* SettingsModel.swift */,
				3A335EA5296751B400F6449C /* NewReleasesResponse.swift */,
				3A335EA72967543100F6449C /* APIImage.swift */,
				3A335EA9296757BF00F6449C /* FeaturedPlaylistsResponse.swift */,
				3A335EAB296767EC00F6449C /* RecommendedGenreResponse.swift */,
				3A335EAD29676BA000F6449C /* RecommendationsResponse.swift */,
				3AB63539296B4E0F00A67A28 /* AlbumDetailsResponse.swift */,
				3AB6353B296B50A500A67A28 /* PlaylistDetailsResponse.swift */,
			);
			path = Models;
			sourceTree = "<group>";
		};
		3A40E78D2955A64100C874B9 /* ViewModels */ = {
			isa = PBXGroup;
			children = (
				3A5C789F2969FE140009D0F7 /* NewReleasesCellViewModel.swift */,
				3A5C78A12969FE320009D0F7 /* RecommendedTracksCellViewModel.swift */,
				3A5C78A32969FE4A0009D0F7 /* FeaturedPlaylistsCellViewModel.swift */,
			);
			path = ViewModels;
			sourceTree = "<group>";
		};
		3A40E78E2955A64800C874B9 /* Managers */ = {
			isa = PBXGroup;
			children = (
				3A40E7A52955A88D00C874B9 /* AuthManager.swift */,
				3A40E7A72955A89C00C874B9 /* APIManager.swift */,
				3A40E7B02955ABF900C874B9 /* CommonStorage.swift */,
			);
			path = Managers;
			sourceTree = "<group>";
		};
		3A40E78F2955A65100C874B9 /* Controllers */ = {
			isa = PBXGroup;
			children = (
				3A40E7AF2955AB8A00C874B9 /* Auth */,
				3A40E7A42955A7DE00C874B9 /* Search */,
				3A40E7A32955A7CE00C874B9 /* Profile */,
				3A40E7A22955A7AA00C874B9 /* Home */,
				3A40E7A12955A7A200C874B9 /* Library */,
				3A40E7B22955B15D00C874B9 /* TabBarViewController.swift */,
				3AB63535296B480F00A67A28 /* AlbumViewController.swift */,
				3AB63537296B490000A67A28 /* PlaylistViewController.swift */,
				3AB6353D296B530300A67A28 /* TrackViewController.swift */,
			);
			path = Controllers;
			sourceTree = "<group>";
		};
		3A40E7902955A65700C874B9 /* Resources */ = {
			isa = PBXGroup;
			children = (
				3A40E7802955A4C100C874B9 /* Assets.xcassets */,
				3A40E7852955A4C100C874B9 /* Info.plist */,
				3A40E7772955A4C000C874B9 /* AppDelegate.swift */,
				3AD4762E295CA6C200B9A164 /* Extensions.swift */,
			);
			path = Resources;
			sourceTree = "<group>";
		};
		3A40E7A12955A7A200C874B9 /* Library */ = {
			isa = PBXGroup;
			children = (
				3A40E7952955A74200C874B9 /* LibraryViewController.swift */,
			);
			path = Library;
			sourceTree = "<group>";
		};
		3A40E7A22955A7AA00C874B9 /* Home */ = {
			isa = PBXGroup;
			children = (
				3A40E7912955A72B00C874B9 /* HomeViewController.swift */,
			);
			path = Home;
			sourceTree = "<group>";
		};
		3A40E7A32955A7CE00C874B9 /* Profile */ = {
			isa = PBXGroup;
			children = (
				3A40E7992955A76400C874B9 /* SettingsViewController.swift */,
				3A40E79B2955A77500C874B9 /* ProfileViewController.swift */,
			);
			path = Profile;
			sourceTree = "<group>";
		};
		3A40E7A42955A7DE00C874B9 /* Search */ = {
			isa = PBXGroup;
			children = (
				3A40E7932955A73400C874B9 /* SearchViewController.swift */,
				3A40E79F2955A79600C874B9 /* SearchResultsViewController.swift */,
			);
			path = Search;
			sourceTree = "<group>";
		};
		3A40E7AF2955AB8A00C874B9 /* Auth */ = {
			isa = PBXGroup;
			children = (
				3A40E79D2955A78300C874B9 /* WelcomeViewController.swift */,
				3A40E7972955A75B00C874B9 /* AuthViewController.swift */,
			);
			path = Auth;
			sourceTree = "<group>";
		};
		3A5C78972969F8920009D0F7 /* Browse */ = {
			isa = PBXGroup;
			children = (
				3A5C78982969F8AB0009D0F7 /* FeaturedPlaylistsCollectionViewCell.swift */,
				3A5C789A2969F8DA0009D0F7 /* NewReleasesCollectionViewCell.swift */,
				3A5C789C2969F8FF0009D0F7 /* RecommendedTracksCollectionViewCell.swift */,
			);
			path = Browse;
			sourceTree = "<group>";
		};
		5C6FFBD42C86723F2AFFC325 /* Pods */ = {
			isa = PBXGroup;
			children = (
				4DE8FDBF3B3CD66F21A00C31 /* Pods-Spotify-Clone.debug.xcconfig */,
				443AF97C4DEC36B52434E306 /* Pods-Spotify-Clone.release.xcconfig */,
			);
			path = Pods;
			sourceTree = "<group>";
		};
		DFAEB763FEFFAE8FD65CA7F7 /* Frameworks */ = {
			isa = PBXGroup;
			children = (
				1458A61E8255E1BE1A8C85C8 /* Pods_Spotify_Clone.framework */,
			);
			name = Frameworks;
			sourceTree = "<group>";
		};
/* End PBXGroup section */

/* Begin PBXNativeTarget section */
		3A40E7732955A4C000C874B9 /* Spotify-Clone */ = {
			isa = PBXNativeTarget;
			buildConfigurationList = 3A40E7882955A4C100C874B9 /* Build configuration list for PBXNativeTarget "Spotify-Clone" */;
			buildPhases = (
				6001C5CB9860E0478EEE31A6 /* [CP] Check Pods Manifest.lock */,
				3A40E7702955A4C000C874B9 /* Sources */,
				3A40E7712955A4C000C874B9 /* Frameworks */,
				3A40E7722955A4C000C874B9 /* Resources */,
				130CD21CEB05BE3B18E5B062 /* [CP] Embed Pods Frameworks */,
			);
			buildRules = (
			);
			dependencies = (
			);
			name = "Spotify-Clone";
			productName = "Spotify-Clone";
			productReference = 3A40E7742955A4C000C874B9 /* Spotify-Clone.app */;
			productType = "com.apple.product-type.application";
		};
/* End PBXNativeTarget section */

/* Begin PBXProject section */
		3A40E76C2955A4C000C874B9 /* Project object */ = {
			isa = PBXProject;
			attributes = {
				BuildIndependentTargetsInParallel = 1;
				LastSwiftUpdateCheck = 1400;
				LastUpgradeCheck = 1400;
				TargetAttributes = {
					3A40E7732955A4C000C874B9 = {
						CreatedOnToolsVersion = 14.0;
					};
				};
			};
			buildConfigurationList = 3A40E76F2955A4C000C874B9 /* Build configuration list for PBXProject "Spotify-Clone" */;
			compatibilityVersion = "Xcode 14.0";
			developmentRegion = en;
			hasScannedForEncodings = 0;
			knownRegions = (
				en,
				Base,
			);
			mainGroup = 3A40E76B2955A4C000C874B9;
			productRefGroup = 3A40E7752955A4C000C874B9 /* Products */;
			projectDirPath = "";
			projectRoot = "";
			targets = (
				3A40E7732955A4C000C874B9 /* Spotify-Clone */,
			);
		};
/* End PBXProject section */

/* Begin PBXResourcesBuildPhase section */
		3A40E7722955A4C000C874B9 /* Resources */ = {
			isa = PBXResourcesBuildPhase;
			buildActionMask = 2147483647;
			files = (
				3A40E7842955A4C100C874B9 /* LaunchScreen.storyboard in Resources */,
				3A40E7812955A4C100C874B9 /* Assets.xcassets in Resources */,
			);
			runOnlyForDeploymentPostprocessing = 0;
		};
/* End PBXResourcesBuildPhase section */

/* Begin PBXShellScriptBuildPhase section */
		130CD21CEB05BE3B18E5B062 /* [CP] Embed Pods Frameworks */ = {
			isa = PBXShellScriptBuildPhase;
			buildActionMask = 2147483647;
			files = (
			);
			inputFileListPaths = (
				"${PODS_ROOT}/Target Support Files/Pods-Spotify-Clone/Pods-Spotify-Clone-frameworks-${CONFIGURATION}-input-files.xcfilelist",
			);
			name = "[CP] Embed Pods Frameworks";
			outputFileListPaths = (
				"${PODS_ROOT}/Target Support Files/Pods-Spotify-Clone/Pods-Spotify-Clone-frameworks-${CONFIGURATION}-output-files.xcfilelist",
			);
			runOnlyForDeploymentPostprocessing = 0;
			shellPath = /bin/sh;
			shellScript = "\"${PODS_ROOT}/Target Support Files/Pods-Spotify-Clone/Pods-Spotify-Clone-frameworks.sh\"\n";
			showEnvVarsInLog = 0;
		};
		6001C5CB9860E0478EEE31A6 /* [CP] Check Pods Manifest.lock */ = {
			isa = PBXShellScriptBuildPhase;
			buildActionMask = 2147483647;
			files = (
			);
			inputFileListPaths = (
			);
			inputPaths = (
				"${PODS_PODFILE_DIR_PATH}/Podfile.lock",
				"${PODS_ROOT}/Manifest.lock",
			);
			name = "[CP] Check Pods Manifest.lock";
			outputFileListPaths = (
			);
			outputPaths = (
				"$(DERIVED_FILE_DIR)/Pods-Spotify-Clone-checkManifestLockResult.txt",
			);
			runOnlyForDeploymentPostprocessing = 0;
			shellPath = /bin/sh;
			shellScript = "diff \"${PODS_PODFILE_DIR_PATH}/Podfile.lock\" \"${PODS_ROOT}/Manifest.lock\" > /dev/null\nif [ $? != 0 ] ; then\n    # print error to STDERR\n    echo \"error: The sandbox is not in sync with the Podfile.lock. Run 'pod install' or update your CocoaPods installation.\" >&2\n    exit 1\nfi\n# This output is used by Xcode 'outputs' to avoid re-running this script phase.\necho \"SUCCESS\" > \"${SCRIPT_OUTPUT_FILE_0}\"\n";
			showEnvVarsInLog = 0;
		};
/* End PBXShellScriptBuildPhase section */

/* Begin PBXSourcesBuildPhase section */
		3A40E7702955A4C000C874B9 /* Sources */ = {
			isa = PBXSourcesBuildPhase;
			buildActionMask = 2147483647;
			files = (
				3A335EAA296757BF00F6449C /* FeaturedPlaylistsResponse.swift in Sources */,
				3A40E7B32955B15D00C874B9 /* TabBarViewController.swift in Sources */,
				3ADBC30F2961E921000C3FFE /* SettingsModel.swift in Sources */,
				3A40E7AA2955AB5300C874B9 /* Audio.swift in Sources */,
				3A5C78A22969FE320009D0F7 /* RecommendedTracksCellViewModel.swift in Sources */,
				3A40E79E2955A78300C874B9 /* WelcomeViewController.swift in Sources */,
				3A40E7AE2955AB6300C874B9 /* UserProfile.swift in Sources */,
				3AB6353A296B4E0F00A67A28 /* AlbumDetailsResponse.swift in Sources */,
				3A40E7962955A74200C874B9 /* LibraryViewController.swift in Sources */,
				3AB63538296B490000A67A28 /* PlaylistViewController.swift in Sources */,
				3A5C78A02969FE140009D0F7 /* NewReleasesCellViewModel.swift in Sources */,
				3AB63536296B480F00A67A28 /* AlbumViewController.swift in Sources */,
				3A40E79A2955A76400C874B9 /* SettingsViewController.swift in Sources */,
				3AB6353C296B50A500A67A28 /* PlaylistDetailsResponse.swift in Sources */,
				3A40E7782955A4C000C874B9 /* AppDelegate.swift in Sources */,
				3A40E7B12955ABF900C874B9 /* CommonStorage.swift in Sources */,
				3A5C78A42969FE4A0009D0F7 /* FeaturedPlaylistsCellViewModel.swift in Sources */,
				3AB6353E296B530300A67A28 /* TrackViewController.swift in Sources */,
				3A40E7A82955A89C00C874B9 /* APIManager.swift in Sources */,
				3A40E7942955A73400C874B9 /* SearchViewController.swift in Sources */,
				3A40E7982955A75B00C874B9 /* AuthViewController.swift in Sources */,
				3AD4762F295CA6C200B9A164 /* Extensions.swift in Sources */,
				3A40E79C2955A77500C874B9 /* ProfileViewController.swift in Sources */,
				3A40E7AC2955AB5A00C874B9 /* Artist.swift in Sources */,
				3A40E7922955A72B00C874B9 /* HomeViewController.swift in Sources */,
				3A5C789B2969F8DB0009D0F7 /* NewReleasesCollectionViewCell.swift in Sources */,
				3A40E7A02955A79600C874B9 /* SearchResultsViewController.swift in Sources */,
				3A5C789D2969F8FF0009D0F7 /* RecommendedTracksCollectionViewCell.swift in Sources */,
				3A335EAC296767EC00F6449C /* RecommendedGenreResponse.swift in Sources */,
				3A5C78992969F8AB0009D0F7 /* FeaturedPlaylistsCollectionViewCell.swift in Sources */,
				3A335EA6296751B400F6449C /* NewReleasesResponse.swift in Sources */,
				3A40E7A62955A88D00C874B9 /* AuthManager.swift in Sources */,
				3A335EA82967543100F6449C /* APIImage.swift in Sources */,
				3A8E2771296096530035F71B /* AuthResponse.swift in Sources */,
				3A335EAE29676BA000F6449C /* RecommendationsResponse.swift in Sources */,
			);
			runOnlyForDeploymentPostprocessing = 0;
		};
/* End PBXSourcesBuildPhase section */

/* Begin PBXVariantGroup section */
		3A40E7822955A4C100C874B9 /* LaunchScreen.storyboard */ = {
			isa = PBXVariantGroup;
			children = (
				3A40E7832955A4C100C874B9 /* Base */,
			);
			name = LaunchScreen.storyboard;
			sourceTree = "<group>";
		};
/* End PBXVariantGroup section */

/* Begin XCBuildConfiguration section */
		3A40E7862955A4C100C874B9 /* Debug */ = {
			isa = XCBuildConfiguration;
			buildSettings = {
				ALWAYS_SEARCH_USER_PATHS = NO;
				CLANG_ANALYZER_NONNULL = YES;
				CLANG_ANALYZER_NUMBER_OBJECT_CONVERSION = YES_AGGRESSIVE;
				CLANG_CXX_LANGUAGE_STANDARD = "gnu++20";
				CLANG_ENABLE_MODULES = YES;
				CLANG_ENABLE_OBJC_ARC = YES;
				CLANG_ENABLE_OBJC_WEAK = YES;
				CLANG_WARN_BLOCK_CAPTURE_AUTORELEASING = YES;
				CLANG_WARN_BOOL_CONVERSION = YES;
				CLANG_WARN_COMMA = YES;
				CLANG_WARN_CONSTANT_CONVERSION = YES;
				CLANG_WARN_DEPRECATED_OBJC_IMPLEMENTATIONS = YES;
				CLANG_WARN_DIRECT_OBJC_ISA_USAGE = YES_ERROR;
				CLANG_WARN_DOCUMENTATION_COMMENTS = YES;
				CLANG_WARN_EMPTY_BODY = YES;
				CLANG_WARN_ENUM_CONVERSION = YES;
				CLANG_WARN_INFINITE_RECURSION = YES;
				CLANG_WARN_INT_CONVERSION = YES;
				CLANG_WARN_NON_LITERAL_NULL_CONVERSION = YES;
				CLANG_WARN_OBJC_IMPLICIT_RETAIN_SELF = YES;
				CLANG_WARN_OBJC_LITERAL_CONVERSION = YES;
				CLANG_WARN_OBJC_ROOT_CLASS = YES_ERROR;
				CLANG_WARN_QUOTED_INCLUDE_IN_FRAMEWORK_HEADER = YES;
				CLANG_WARN_RANGE_LOOP_ANALYSIS = YES;
				CLANG_WARN_STRICT_PROTOTYPES = YES;
				CLANG_WARN_SUSPICIOUS_MOVE = YES;
				CLANG_WARN_UNGUARDED_AVAILABILITY = YES_AGGRESSIVE;
				CLANG_WARN_UNREACHABLE_CODE = YES;
				CLANG_WARN__DUPLICATE_METHOD_MATCH = YES;
				COPY_PHASE_STRIP = NO;
				DEBUG_INFORMATION_FORMAT = dwarf;
				ENABLE_STRICT_OBJC_MSGSEND = YES;
				ENABLE_TESTABILITY = YES;
				GCC_C_LANGUAGE_STANDARD = gnu11;
				GCC_DYNAMIC_NO_PIC = NO;
				GCC_NO_COMMON_BLOCKS = YES;
				GCC_OPTIMIZATION_LEVEL = 0;
				GCC_PREPROCESSOR_DEFINITIONS = (
					"DEBUG=1",
					"$(inherited)",
				);
				GCC_WARN_64_TO_32_BIT_CONVERSION = YES;
				GCC_WARN_ABOUT_RETURN_TYPE = YES_ERROR;
				GCC_WARN_UNDECLARED_SELECTOR = YES;
				GCC_WARN_UNINITIALIZED_AUTOS = YES_AGGRESSIVE;
				GCC_WARN_UNUSED_FUNCTION = YES;
				GCC_WARN_UNUSED_VARIABLE = YES;
				IPHONEOS_DEPLOYMENT_TARGET = 14.0;
				MTL_ENABLE_DEBUG_INFO = INCLUDE_SOURCE;
				MTL_FAST_MATH = YES;
				ONLY_ACTIVE_ARCH = YES;
				SDKROOT = iphoneos;
				SWIFT_ACTIVE_COMPILATION_CONDITIONS = DEBUG;
				SWIFT_OPTIMIZATION_LEVEL = "-Onone";
			};
			name = Debug;
		};
		3A40E7872955A4C100C874B9 /* Release */ = {
			isa = XCBuildConfiguration;
			buildSettings = {
				ALWAYS_SEARCH_USER_PATHS = NO;
				CLANG_ANALYZER_NONNULL = YES;
				CLANG_ANALYZER_NUMBER_OBJECT_CONVERSION = YES_AGGRESSIVE;
				CLANG_CXX_LANGUAGE_STANDARD = "gnu++20";
				CLANG_ENABLE_MODULES = YES;
				CLANG_ENABLE_OBJC_ARC = YES;
				CLANG_ENABLE_OBJC_WEAK = YES;
				CLANG_WARN_BLOCK_CAPTURE_AUTORELEASING = YES;
				CLANG_WARN_BOOL_CONVERSION = YES;
				CLANG_WARN_COMMA = YES;
				CLANG_WARN_CONSTANT_CONVERSION = YES;
				CLANG_WARN_DEPRECATED_OBJC_IMPLEMENTATIONS = YES;
				CLANG_WARN_DIRECT_OBJC_ISA_USAGE = YES_ERROR;
				CLANG_WARN_DOCUMENTATION_COMMENTS = YES;
				CLANG_WARN_EMPTY_BODY = YES;
				CLANG_WARN_ENUM_CONVERSION = YES;
				CLANG_WARN_INFINITE_RECURSION = YES;
				CLANG_WARN_INT_CONVERSION = YES;
				CLANG_WARN_NON_LITERAL_NULL_CONVERSION = YES;
				CLANG_WARN_OBJC_IMPLICIT_RETAIN_SELF = YES;
				CLANG_WARN_OBJC_LITERAL_CONVERSION = YES;
				CLANG_WARN_OBJC_ROOT_CLASS = YES_ERROR;
				CLANG_WARN_QUOTED_INCLUDE_IN_FRAMEWORK_HEADER = YES;
				CLANG_WARN_RANGE_LOOP_ANALYSIS = YES;
				CLANG_WARN_STRICT_PROTOTYPES = YES;
				CLANG_WARN_SUSPICIOUS_MOVE = YES;
				CLANG_WARN_UNGUARDED_AVAILABILITY = YES_AGGRESSIVE;
				CLANG_WARN_UNREACHABLE_CODE = YES;
				CLANG_WARN__DUPLICATE_METHOD_MATCH = YES;
				COPY_PHASE_STRIP = NO;
				DEBUG_INFORMATION_FORMAT = "dwarf-with-dsym";
				ENABLE_NS_ASSERTIONS = NO;
				ENABLE_STRICT_OBJC_MSGSEND = YES;
				GCC_C_LANGUAGE_STANDARD = gnu11;
				GCC_NO_COMMON_BLOCKS = YES;
				GCC_WARN_64_TO_32_BIT_CONVERSION = YES;
				GCC_WARN_ABOUT_RETURN_TYPE = YES_ERROR;
				GCC_WARN_UNDECLARED_SELECTOR = YES;
				GCC_WARN_UNINITIALIZED_AUTOS = YES_AGGRESSIVE;
				GCC_WARN_UNUSED_FUNCTION = YES;
				GCC_WARN_UNUSED_VARIABLE = YES;
				IPHONEOS_DEPLOYMENT_TARGET = 14.0;
				MTL_ENABLE_DEBUG_INFO = NO;
				MTL_FAST_MATH = YES;
				SDKROOT = iphoneos;
				SWIFT_COMPILATION_MODE = wholemodule;
				SWIFT_OPTIMIZATION_LEVEL = "-O";
				VALIDATE_PRODUCT = YES;
			};
			name = Release;
		};
		3A40E7892955A4C100C874B9 /* Debug */ = {
			isa = XCBuildConfiguration;
			baseConfigurationReference = 4DE8FDBF3B3CD66F21A00C31 /* Pods-Spotify-Clone.debug.xcconfig */;
			buildSettings = {
				ASSETCATALOG_COMPILER_APPICON_NAME = AppIcon;
				ASSETCATALOG_COMPILER_GLOBAL_ACCENT_COLOR_NAME = AccentColor;
				CODE_SIGN_STYLE = Automatic;
				CURRENT_PROJECT_VERSION = 1;
				DEVELOPMENT_TEAM = 938JD88GS4;
				GENERATE_INFOPLIST_FILE = YES;
				INFOPLIST_FILE = "Spotify-Clone/Resources/Info.plist";
				INFOPLIST_KEY_UIApplicationSupportsIndirectInputEvents = YES;
				INFOPLIST_KEY_UILaunchStoryboardName = LaunchScreen;
				INFOPLIST_KEY_UIMainStoryboardFile = "";
				INFOPLIST_KEY_UISupportedInterfaceOrientations_iPad = "UIInterfaceOrientationPortrait UIInterfaceOrientationPortraitUpsideDown UIInterfaceOrientationLandscapeLeft UIInterfaceOrientationLandscapeRight";
				INFOPLIST_KEY_UISupportedInterfaceOrientations_iPhone = "UIInterfaceOrientationPortrait UIInterfaceOrientationLandscapeLeft UIInterfaceOrientationLandscapeRight";
				IPHONEOS_DEPLOYMENT_TARGET = 14.0;
				LD_RUNPATH_SEARCH_PATHS = (
					"$(inherited)",
					"@executable_path/Frameworks",
				);
				MARKETING_VERSION = 1.0;
				PRODUCT_BUNDLE_IDENTIFIER = "com.ayush.Spotify-Clone";
				PRODUCT_NAME = "$(TARGET_NAME)";
				SUPPORTED_PLATFORMS = "iphoneos iphonesimulator";
				SUPPORTS_MACCATALYST = NO;
				SUPPORTS_MAC_DESIGNED_FOR_IPHONE_IPAD = NO;
				SWIFT_EMIT_LOC_STRINGS = YES;
				SWIFT_VERSION = 5.0;
				TARGETED_DEVICE_FAMILY = "1,2";
			};
			name = Debug;
		};
		3A40E78A2955A4C100C874B9 /* Release */ = {
			isa = XCBuildConfiguration;
			baseConfigurationReference = 443AF97C4DEC36B52434E306 /* Pods-Spotify-Clone.release.xcconfig */;
			buildSettings = {
				ASSETCATALOG_COMPILER_APPICON_NAME = AppIcon;
				ASSETCATALOG_COMPILER_GLOBAL_ACCENT_COLOR_NAME = AccentColor;
				CODE_SIGN_STYLE = Automatic;
				CURRENT_PROJECT_VERSION = 1;
				DEVELOPMENT_TEAM = 938JD88GS4;
				GENERATE_INFOPLIST_FILE = YES;
				INFOPLIST_FILE = "Spotify-Clone/Resources/Info.plist";
				INFOPLIST_KEY_UIApplicationSupportsIndirectInputEvents = YES;
				INFOPLIST_KEY_UILaunchStoryboardName = LaunchScreen;
				INFOPLIST_KEY_UIMainStoryboardFile = "";
				INFOPLIST_KEY_UISupportedInterfaceOrientations_iPad = "UIInterfaceOrientationPortrait UIInterfaceOrientationPortraitUpsideDown UIInterfaceOrientationLandscapeLeft UIInterfaceOrientationLandscapeRight";
				INFOPLIST_KEY_UISupportedInterfaceOrientations_iPhone = "UIInterfaceOrientationPortrait UIInterfaceOrientationLandscapeLeft UIInterfaceOrientationLandscapeRight";
				IPHONEOS_DEPLOYMENT_TARGET = 14.0;
				LD_RUNPATH_SEARCH_PATHS = (
					"$(inherited)",
					"@executable_path/Frameworks",
				);
				MARKETING_VERSION = 1.0;
				PRODUCT_BUNDLE_IDENTIFIER = "com.ayush.Spotify-Clone";
				PRODUCT_NAME = "$(TARGET_NAME)";
				SUPPORTED_PLATFORMS = "iphoneos iphonesimulator";
				SUPPORTS_MACCATALYST = NO;
				SUPPORTS_MAC_DESIGNED_FOR_IPHONE_IPAD = NO;
				SWIFT_EMIT_LOC_STRINGS = YES;
				SWIFT_VERSION = 5.0;
				TARGETED_DEVICE_FAMILY = "1,2";
			};
			name = Release;
		};
/* End XCBuildConfiguration section */

/* Begin XCConfigurationList section */
		3A40E76F2955A4C000C874B9 /* Build configuration list for PBXProject "Spotify-Clone" */ = {
			isa = XCConfigurationList;
			buildConfigurations = (
				3A40E7862955A4C100C874B9 /* Debug */,
				3A40E7872955A4C100C874B9 /* Release */,
			);
			defaultConfigurationIsVisible = 0;
			defaultConfigurationName = Release;
		};
		3A40E7882955A4C100C874B9 /* Build configuration list for PBXNativeTarget "Spotify-Clone" */ = {
			isa = XCConfigurationList;
			buildConfigurations = (
				3A40E7892955A4C100C874B9 /* Debug */,
				3A40E78A2955A4C100C874B9 /* Release */,
			);
			defaultConfigurationIsVisible = 0;
			defaultConfigurationName = Release;
		};
/* End XCConfigurationList section */
	};
	rootObject = 3A40E76C2955A4C000C874B9 /* Project object */;
}
